
Microsoft Visual Studio Solution File, Format Version 12.00
# Visual Studio 15
VisualStudioVersion = 15.0.27703.2035
MinimumVisualStudioVersion = 10.0.40219.1
Project("{FAE04EC0-301F-11D3-BF4B-00C04F79EFBC}") = "ShellExtensionDemo", "ShellExtensionDemo\ShellExtensionDemo.csproj", "{4B3BEFF1-9FC3-4D03-AD73-C2EAD85A4358}"
EndProject
Global
	GlobalSection(SolutionConfigurationPlatforms) = preSolution
		Debug|Any CPU = Debug|Any CPU
		Release|Any CPU = Release|Any CPU
	EndGlobalSection
	GlobalSection(ProjectConfigurationPlatforms) = postSolution
		{4B3BEFF1-9FC3-4D03-AD73-C2EAD85A4358}.Debug|Any CPU.ActiveCfg = Debug|Any CPU
		{4B3BEFF1-9FC3-4D03-AD73-C2EAD85A4358}.Debug|Any CPU.Build.0 = Debug|Any CPU
		{4B3BEFF1-9FC3-4D03-AD73-C2EAD85A4358}.Release|Any CPU.ActiveCfg = Release|Any CPU
		{4B3BEFF1-9FC3-4D03-AD73-C2EAD85A4358}.Release|Any CPU.Build.0 = Release|Any CPU
	EndGlobalSection
	GlobalSection(SolutionProperties) = preSolution
		HideSolutionNode = FALSE
	EndGlobalSection
	GlobalSection(ExtensibilityGlobals) = postSolution
		SolutionGuid = {E534EA2C-8104-4635-8CB8-944962408B98}
	EndGlobalSection
EndGlobal
